
Microsoft Visual Studio Solution File, Format Version 12.00
# Visual Studio Version 17
VisualStudioVersion = 17.4.33103.184
MinimumVisualStudioVersion = 10.0.40219.1
Project("{9A19103F-16F7-4668-BE54-9A1E7A4F7556}") = "Test-TP1", "Test-TP1\Test-TP1.csproj", "{E90CFD38-5004-4F1C-8E7A-4D9FB5CE6881}"
EndProject
Project("{9A19103F-16F7-4668-BE54-9A1E7A4F7556}") = "Grupo6-TP1", "..\Grupo6-TP1.csproj", "{997C4586-F306-483B-9DCA-C11AC2332A4C}"
EndProject
Global
	GlobalSection(SolutionConfigurationPlatforms) = preSolution
		Debug|Any CPU = Debug|Any CPU
		Release|Any CPU = Release|Any CPU
	EndGlobalSection
	GlobalSection(ProjectConfigurationPlatforms) = postSolution
		{E90CFD38-5004-4F1C-8E7A-4D9FB5CE6881}.Debug|Any CPU.ActiveCfg = Debug|Any CPU
		{E90CFD38-5004-4F1C-8E7A-4D9FB5CE6881}.Debug|Any CPU.Build.0 = Debug|Any CPU
		{E90CFD38-5004-4F1C-8E7A-4D9FB5CE6881}.Release|Any CPU.ActiveCfg = Release|Any CPU
		{E90CFD38-5004-4F1C-8E7A-4D9FB5CE6881}.Release|Any CPU.Build.0 = Release|Any CPU
		{997C4586-F306-483B-9DCA-C11AC2332A4C}.Debug|Any CPU.ActiveCfg = Debug|Any CPU
		{997C4586-F306-483B-9DCA-C11AC2332A4C}.Debug|Any CPU.Build.0 = Debug|Any CPU
		{997C4586-F306-483B-9DCA-C11AC2332A4C}.Release|Any CPU.ActiveCfg = Release|Any CPU
		{997C4586-F306-483B-9DCA-C11AC2332A4C}.Release|Any CPU.Build.0 = Release|Any CPU
	EndGlobalSection
	GlobalSection(SolutionProperties) = preSolution
		HideSolutionNode = FALSE
	EndGlobalSection
	GlobalSection(ExtensibilityGlobals) = postSolution
		SolutionGuid = {CD5D8DAB-0BC9-40F8-9EB5-6BD0326F2E90}
	EndGlobalSection
EndGlobal
